
Microsoft Visual Studio Solution File, Format Version 12.00
# Visual Studio Version 17
VisualStudioVersion = 17.12.35527.113
MinimumVisualStudioVersion = 10.0.40219.1
Project("{9A19103F-16F7-4668-BE54-9A1E7A4F7556}") = "MainApp", "MainApp\MainApp.csproj", "{37750FE3-2B96-495C-B4BE-F7DABB3F3C04}"
	ProjectSection(ProjectDependencies) = postProject
		{4DE9ACE1-4AA7-47C9-8608-14993113E3B4} = {4DE9ACE1-4AA7-47C9-8608-14993113E3B4}
		{8EBDAF02-26E5-4097-BCF5-3A7BD592EF31} = {8EBDAF02-26E5-4097-BCF5-3A7BD592EF31}
		{99CE3073-5E82-4D74-918B-8A98E30B6CDA} = {99CE3073-5E82-4D74-918B-8A98E30B6CDA}
		{C8AF8CAE-4FEF-4642-AEDA-BDE45F1E03A8} = {C8AF8CAE-4FEF-4642-AEDA-BDE45F1E03A8}
		{EBA9A188-C3AF-4A36-94B1-731A35DB9F89} = {EBA9A188-C3AF-4A36-94B1-731A35DB9F89}
		{F0B65093-1969-41E4-AD49-876682CBA7C5} = {F0B65093-1969-41E4-AD49-876682CBA7C5}
	EndProjectSection
EndProject
Project("{9A19103F-16F7-4668-BE54-9A1E7A4F7556}") = "Module", "Module\Module.csproj", "{CA8B7410-0A69-4AFD-8E0B-FDF4A94EC5E8}"
	ProjectSection(ProjectDependencies) = postProject
		{4DE9ACE1-4AA7-47C9-8608-14993113E3B4} = {4DE9ACE1-4AA7-47C9-8608-14993113E3B4}
		{8EBDAF02-26E5-4097-BCF5-3A7BD592EF31} = {8EBDAF02-26E5-4097-BCF5-3A7BD592EF31}
		{F0B65093-1969-41E4-AD49-876682CBA7C5} = {F0B65093-1969-41E4-AD49-876682CBA7C5}
	EndProjectSection
EndProject
Project("{9A19103F-16F7-4668-BE54-9A1E7A4F7556}") = "MvvmTextEditor", "MvvmTextEditor\MvvmTextEditor.csproj", "{B2047F6A-3BDF-4C7D-A0D9-03354B1D8DF5}"
EndProject
Project("{9A19103F-16F7-4668-BE54-9A1E7A4F7556}") = "ModuleCore", "ModuleCore\ModuleCore.csproj", "{E35F744B-3087-496C-A014-EF59ACCB8453}"
	ProjectSection(ProjectDependencies) = postProject
		{4DE9ACE1-4AA7-47C9-8608-14993113E3B4} = {4DE9ACE1-4AA7-47C9-8608-14993113E3B4}
		{8EBDAF02-26E5-4097-BCF5-3A7BD592EF31} = {8EBDAF02-26E5-4097-BCF5-3A7BD592EF31}
		{F0B65093-1969-41E4-AD49-876682CBA7C5} = {F0B65093-1969-41E4-AD49-876682CBA7C5}
	EndProjectSection
EndProject
Project("{2150E333-8FDC-42A3-9474-1A3956D46DE8}") = "Solution Items", "Solution Items", "{0D2BF356-F20B-48AF-B137-BB8AD8F26752}"
	ProjectSection(SolutionItems) = preProject
		README.md = README.md
	EndProjectSection
EndProject
Project("{FAE04EC0-301F-11D3-BF4B-00C04F79EFBC}") = "Stations", "Stations\Stations.csproj", "{4DE9ACE1-4AA7-47C9-8608-14993113E3B4}"
	ProjectSection(ProjectDependencies) = postProject
		{8EBDAF02-26E5-4097-BCF5-3A7BD592EF31} = {8EBDAF02-26E5-4097-BCF5-3A7BD592EF31}
		{99CE3073-5E82-4D74-918B-8A98E30B6CDA} = {99CE3073-5E82-4D74-918B-8A98E30B6CDA}
		{C8AF8CAE-4FEF-4642-AEDA-BDE45F1E03A8} = {C8AF8CAE-4FEF-4642-AEDA-BDE45F1E03A8}
		{EBA9A188-C3AF-4A36-94B1-731A35DB9F89} = {EBA9A188-C3AF-4A36-94B1-731A35DB9F89}
		{F0B65093-1969-41E4-AD49-876682CBA7C5} = {F0B65093-1969-41E4-AD49-876682CBA7C5}
	EndProjectSection
EndProject
Project("{FAE04EC0-301F-11D3-BF4B-00C04F79EFBC}") = "Interfaces", "Interfaces\Interfaces.csproj", "{F0B65093-1969-41E4-AD49-876682CBA7C5}"
EndProject
Project("{FAE04EC0-301F-11D3-BF4B-00C04F79EFBC}") = "SmarterMotion", "SmarterMotion\SmarterMotion.csproj", "{8EBDAF02-26E5-4097-BCF5-3A7BD592EF31}"
	ProjectSection(ProjectDependencies) = postProject
		{99CE3073-5E82-4D74-918B-8A98E30B6CDA} = {99CE3073-5E82-4D74-918B-8A98E30B6CDA}
		{C8AF8CAE-4FEF-4642-AEDA-BDE45F1E03A8} = {C8AF8CAE-4FEF-4642-AEDA-BDE45F1E03A8}
		{F0B65093-1969-41E4-AD49-876682CBA7C5} = {F0B65093-1969-41E4-AD49-876682CBA7C5}
	EndProjectSection
EndProject
Project("{FAE04EC0-301F-11D3-BF4B-00C04F79EFBC}") = "HSMS", "HSMS\HSMS.csproj", "{804C4FBF-C8AA-4D1F-8F2B-DB842CD62DC3}"
EndProject
Project("{FAE04EC0-301F-11D3-BF4B-00C04F79EFBC}") = "Core", "Core\Core.csproj", "{99CE3073-5E82-4D74-918B-8A98E30B6CDA}"
EndProject
Project("{2150E333-8FDC-42A3-9474-1A3956D46DE8}") = "Modules", "Modules", "{AA60BDE6-4077-497F-9215-42FC521904C0}"
EndProject
Project("{FAE04EC0-301F-11D3-BF4B-00C04F79EFBC}") = "LogViewer", "LogViewer\LogViewer.csproj", "{4DF8E653-C71C-4743-82E2-D6F4E15098EB}"
EndProject
Project("{FAE04EC0-301F-11D3-BF4B-00C04F79EFBC}") = "Framework", "Framework\Framework.csproj", "{C8AF8CAE-4FEF-4642-AEDA-BDE45F1E03A8}"
	ProjectSection(ProjectDependencies) = postProject
		{99CE3073-5E82-4D74-918B-8A98E30B6CDA} = {99CE3073-5E82-4D74-918B-8A98E30B6CDA}
		{EBA9A188-C3AF-4A36-94B1-731A35DB9F89} = {EBA9A188-C3AF-4A36-94B1-731A35DB9F89}
	EndProjectSection
EndProject
Project("{FAE04EC0-301F-11D3-BF4B-00C04F79EFBC}") = "TCPLib", "TCPLib\TCPLib.csproj", "{9690C918-5F7E-EB8A-AAE7-102D8478F642}"
	ProjectSection(ProjectDependencies) = postProject
		{99CE3073-5E82-4D74-918B-8A98E30B6CDA} = {99CE3073-5E82-4D74-918B-8A98E30B6CDA}
	EndProjectSection
EndProject
Project("{FAE04EC0-301F-11D3-BF4B-00C04F79EFBC}") = "Recipe", "RecipeManagement\Recipe.csproj", "{EBA9A188-C3AF-4A36-94B1-731A35DB9F89}"
EndProject
Global
	GlobalSection(SolutionConfigurationPlatforms) = preSolution
		Debug|Any CPU = Debug|Any CPU
		Debug|x64 = Debug|x64
		Debug|x86 = Debug|x86
		Release|Any CPU = Release|Any CPU
		Release|x64 = Release|x64
		Release|x86 = Release|x86
	EndGlobalSection
	GlobalSection(ProjectConfigurationPlatforms) = postSolution
		{37750FE3-2B96-495C-B4BE-F7DABB3F3C04}.Debug|Any CPU.ActiveCfg = Debug|Any CPU
		{37750FE3-2B96-495C-B4BE-F7DABB3F3C04}.Debug|Any CPU.Build.0 = Debug|Any CPU
		{37750FE3-2B96-495C-B4BE-F7DABB3F3C04}.Debug|x64.ActiveCfg = Debug|Any CPU
		{37750FE3-2B96-495C-B4BE-F7DABB3F3C04}.Debug|x64.Build.0 = Debug|Any CPU
		{37750FE3-2B96-495C-B4BE-F7DABB3F3C04}.Debug|x86.ActiveCfg = Debug|Any CPU
		{37750FE3-2B96-495C-B4BE-F7DABB3F3C04}.Debug|x86.Build.0 = Debug|Any CPU
		{37750FE3-2B96-495C-B4BE-F7DABB3F3C04}.Release|Any CPU.ActiveCfg = Release|Any CPU
		{37750FE3-2B96-495C-B4BE-F7DABB3F3C04}.Release|Any CPU.Build.0 = Release|Any CPU
		{37750FE3-2B96-495C-B4BE-F7DABB3F3C04}.Release|x64.ActiveCfg = Release|Any CPU
		{37750FE3-2B96-495C-B4BE-F7DABB3F3C04}.Release|x64.Build.0 = Release|Any CPU
		{37750FE3-2B96-495C-B4BE-F7DABB3F3C04}.Release|x86.ActiveCfg = Release|Any CPU
		{37750FE3-2B96-495C-B4BE-F7DABB3F3C04}.Release|x86.Build.0 = Release|Any CPU
		{CA8B7410-0A69-4AFD-8E0B-FDF4A94EC5E8}.Debug|Any CPU.ActiveCfg = Debug|Any CPU
		{CA8B7410-0A69-4AFD-8E0B-FDF4A94EC5E8}.Debug|Any CPU.Build.0 = Debug|Any CPU
		{CA8B7410-0A69-4AFD-8E0B-FDF4A94EC5E8}.Debug|x64.ActiveCfg = Debug|Any CPU
		{CA8B7410-0A69-4AFD-8E0B-FDF4A94EC5E8}.Debug|x64.Build.0 = Debug|Any CPU
		{CA8B7410-0A69-4AFD-8E0B-FDF4A94EC5E8}.Debug|x86.ActiveCfg = Debug|Any CPU
		{CA8B7410-0A69-4AFD-8E0B-FDF4A94EC5E8}.Debug|x86.Build.0 = Debug|Any CPU
		{CA8B7410-0A69-4AFD-8E0B-FDF4A94EC5E8}.Release|Any CPU.ActiveCfg = Release|Any CPU
		{CA8B7410-0A69-4AFD-8E0B-FDF4A94EC5E8}.Release|Any CPU.Build.0 = Release|Any CPU
		{CA8B7410-0A69-4AFD-8E0B-FDF4A94EC5E8}.Release|x64.ActiveCfg = Release|Any CPU
		{CA8B7410-0A69-4AFD-8E0B-FDF4A94EC5E8}.Release|x64.Build.0 = Release|Any CPU
		{CA8B7410-0A69-4AFD-8E0B-FDF4A94EC5E8}.Release|x86.ActiveCfg = Release|Any CPU
		{CA8B7410-0A69-4AFD-8E0B-FDF4A94EC5E8}.Release|x86.Build.0 = Release|Any CPU
		{B2047F6A-3BDF-4C7D-A0D9-03354B1D8DF5}.Debug|Any CPU.ActiveCfg = Debug|Any CPU
		{B2047F6A-3BDF-4C7D-A0D9-03354B1D8DF5}.Debug|Any CPU.Build.0 = Debug|Any CPU
		{B2047F6A-3BDF-4C7D-A0D9-03354B1D8DF5}.Debug|x64.ActiveCfg = Debug|Any CPU
		{B2047F6A-3BDF-4C7D-A0D9-03354B1D8DF5}.Debug|x64.Build.0 = Debug|Any CPU
		{B2047F6A-3BDF-4C7D-A0D9-03354B1D8DF5}.Debug|x86.ActiveCfg = Debug|Any CPU
		{B2047F6A-3BDF-4C7D-A0D9-03354B1D8DF5}.Debug|x86.Build.0 = Debug|Any CPU
		{B2047F6A-3BDF-4C7D-A0D9-03354B1D8DF5}.Release|Any CPU.ActiveCfg = Release|Any CPU
		{B2047F6A-3BDF-4C7D-A0D9-03354B1D8DF5}.Release|Any CPU.Build.0 = Release|Any CPU
		{B2047F6A-3BDF-4C7D-A0D9-03354B1D8DF5}.Release|x64.ActiveCfg = Release|Any CPU
		{B2047F6A-3BDF-4C7D-A0D9-03354B1D8DF5}.Release|x64.Build.0 = Release|Any CPU
		{B2047F6A-3BDF-4C7D-A0D9-03354B1D8DF5}.Release|x86.ActiveCfg = Release|Any CPU
		{B2047F6A-3BDF-4C7D-A0D9-03354B1D8DF5}.Release|x86.Build.0 = Release|Any CPU
		{E35F744B-3087-496C-A014-EF59ACCB8453}.Debug|Any CPU.ActiveCfg = Debug|Any CPU
		{E35F744B-3087-496C-A014-EF59ACCB8453}.Debug|Any CPU.Build.0 = Debug|Any CPU
		{E35F744B-3087-496C-A014-EF59ACCB8453}.Debug|x64.ActiveCfg = Debug|Any CPU
		{E35F744B-3087-496C-A014-EF59ACCB8453}.Debug|x64.Build.0 = Debug|Any CPU
		{E35F744B-3087-496C-A014-EF59ACCB8453}.Debug|x86.ActiveCfg = Debug|Any CPU
		{E35F744B-3087-496C-A014-EF59ACCB8453}.Debug|x86.Build.0 = Debug|Any CPU
		{E35F744B-3087-496C-A014-EF59ACCB8453}.Release|Any CPU.ActiveCfg = Release|Any CPU
		{E35F744B-3087-496C-A014-EF59ACCB8453}.Release|Any CPU.Build.0 = Release|Any CPU
		{E35F744B-3087-496C-A014-EF59ACCB8453}.Release|x64.ActiveCfg = Release|Any CPU
		{E35F744B-3087-496C-A014-EF59ACCB8453}.Release|x64.Build.0 = Release|Any CPU
		{E35F744B-3087-496C-A014-EF59ACCB8453}.Release|x86.ActiveCfg = Release|Any CPU
		{E35F744B-3087-496C-A014-EF59ACCB8453}.Release|x86.Build.0 = Release|Any CPU
		{4DE9ACE1-4AA7-47C9-8608-14993113E3B4}.Debug|Any CPU.ActiveCfg = Debug|Any CPU
		{4DE9ACE1-4AA7-47C9-8608-14993113E3B4}.Debug|Any CPU.Build.0 = Debug|Any CPU
		{4DE9ACE1-4AA7-47C9-8608-14993113E3B4}.Debug|x64.ActiveCfg = Debug|Any CPU
		{4DE9ACE1-4AA7-47C9-8608-14993113E3B4}.Debug|x64.Build.0 = Debug|Any CPU
		{4DE9ACE1-4AA7-47C9-8608-14993113E3B4}.Debug|x86.ActiveCfg = Debug|Any CPU
		{4DE9ACE1-4AA7-47C9-8608-14993113E3B4}.Debug|x86.Build.0 = Debug|Any CPU
		{4DE9ACE1-4AA7-47C9-8608-14993113E3B4}.Release|Any CPU.ActiveCfg = Release|Any CPU
		{4DE9ACE1-4AA7-47C9-8608-14993113E3B4}.Release|Any CPU.Build.0 = Release|Any CPU
		{4DE9ACE1-4AA7-47C9-8608-14993113E3B4}.Release|x64.ActiveCfg = Release|Any CPU
		{4DE9ACE1-4AA7-47C9-8608-14993113E3B4}.Release|x64.Build.0 = Release|Any CPU
		{4DE9ACE1-4AA7-47C9-8608-14993113E3B4}.Release|x86.ActiveCfg = Release|Any CPU
		{4DE9ACE1-4AA7-47C9-8608-14993113E3B4}.Release|x86.Build.0 = Release|Any CPU
		{F0B65093-1969-41E4-AD49-876682CBA7C5}.Debug|Any CPU.ActiveCfg = Debug|Any CPU
		{F0B65093-1969-41E4-AD49-876682CBA7C5}.Debug|Any CPU.Build.0 = Debug|Any CPU
		{F0B65093-1969-41E4-AD49-876682CBA7C5}.Debug|x64.ActiveCfg = Debug|Any CPU
		{F0B65093-1969-41E4-AD49-876682CBA7C5}.Debug|x64.Build.0 = Debug|Any CPU
		{F0B65093-1969-41E4-AD49-876682CBA7C5}.Debug|x86.ActiveCfg = Debug|Any CPU
		{F0B65093-1969-41E4-AD49-876682CBA7C5}.Debug|x86.Build.0 = Debug|Any CPU
		{F0B65093-1969-41E4-AD49-876682CBA7C5}.Release|Any CPU.ActiveCfg = Release|Any CPU
		{F0B65093-1969-41E4-AD49-876682CBA7C5}.Release|Any CPU.Build.0 = Release|Any CPU
		{F0B65093-1969-41E4-AD49-876682CBA7C5}.Release|x64.ActiveCfg = Release|Any CPU
		{F0B65093-1969-41E4-AD49-876682CBA7C5}.Release|x64.Build.0 = Release|Any CPU
		{F0B65093-1969-41E4-AD49-876682CBA7C5}.Release|x86.ActiveCfg = Release|Any CPU
		{F0B65093-1969-41E4-AD49-876682CBA7C5}.Release|x86.Build.0 = Release|Any CPU
		{8EBDAF02-26E5-4097-BCF5-3A7BD592EF31}.Debug|Any CPU.ActiveCfg = Debug|Any CPU
		{8EBDAF02-26E5-4097-BCF5-3A7BD592EF31}.Debug|Any CPU.Build.0 = Debug|Any CPU
		{8EBDAF02-26E5-4097-BCF5-3A7BD592EF31}.Debug|x64.ActiveCfg = Debug|Any CPU
		{8EBDAF02-26E5-4097-BCF5-3A7BD592EF31}.Debug|x64.Build.0 = Debug|Any CPU
		{8EBDAF02-26E5-4097-BCF5-3A7BD592EF31}.Debug|x86.ActiveCfg = Debug|Any CPU
		{8EBDAF02-26E5-4097-BCF5-3A7BD592EF31}.Debug|x86.Build.0 = Debug|Any CPU
		{8EBDAF02-26E5-4097-BCF5-3A7BD592EF31}.Release|Any CPU.ActiveCfg = Release|Any CPU
		{8EBDAF02-26E5-4097-BCF5-3A7BD592EF31}.Release|Any CPU.Build.0 = Release|Any CPU
		{8EBDAF02-26E5-4097-BCF5-3A7BD592EF31}.Release|x64.ActiveCfg = Release|Any CPU
		{8EBDAF02-26E5-4097-BCF5-3A7BD592EF31}.Release|x64.Build.0 = Release|Any CPU
		{8EBDAF02-26E5-4097-BCF5-3A7BD592EF31}.Release|x86.ActiveCfg = Release|Any CPU
		{8EBDAF02-26E5-4097-BCF5-3A7BD592EF31}.Release|x86.Build.0 = Release|Any CPU
		{804C4FBF-C8AA-4D1F-8F2B-DB842CD62DC3}.Debug|Any CPU.ActiveCfg = Debug|Any CPU
		{804C4FBF-C8AA-4D1F-8F2B-DB842CD62DC3}.Debug|Any CPU.Build.0 = Debug|Any CPU
		{804C4FBF-C8AA-4D1F-8F2B-DB842CD62DC3}.Debug|x64.ActiveCfg = Debug|Any CPU
		{804C4FBF-C8AA-4D1F-8F2B-DB842CD62DC3}.Debug|x64.Build.0 = Debug|Any CPU
		{804C4FBF-C8AA-4D1F-8F2B-DB842CD62DC3}.Debug|x86.ActiveCfg = Debug|Any CPU
		{804C4FBF-C8AA-4D1F-8F2B-DB842CD62DC3}.Debug|x86.Build.0 = Debug|Any CPU
		{804C4FBF-C8AA-4D1F-8F2B-DB842CD62DC3}.Release|Any CPU.ActiveCfg = Release|Any CPU
		{804C4FBF-C8AA-4D1F-8F2B-DB842CD62DC3}.Release|Any CPU.Build.0 = Release|Any CPU
		{804C4FBF-C8AA-4D1F-8F2B-DB842CD62DC3}.Release|x64.ActiveCfg = Release|Any CPU
		{804C4FBF-C8AA-4D1F-8F2B-DB842CD62DC3}.Release|x64.Build.0 = Release|Any CPU
		{804C4FBF-C8AA-4D1F-8F2B-DB842CD62DC3}.Release|x86.ActiveCfg = Release|Any CPU
		{804C4FBF-C8AA-4D1F-8F2B-DB842CD62DC3}.Release|x86.Build.0 = Release|Any CPU
		{99CE3073-5E82-4D74-918B-8A98E30B6CDA}.Debug|Any CPU.ActiveCfg = Debug|Any CPU
		{99CE3073-5E82-4D74-918B-8A98E30B6CDA}.Debug|Any CPU.Build.0 = Debug|Any CPU
		{99CE3073-5E82-4D74-918B-8A98E30B6CDA}.Debug|x64.ActiveCfg = Debug|Any CPU
		{99CE3073-5E82-4D74-918B-8A98E30B6CDA}.Debug|x64.Build.0 = Debug|Any CPU
		{99CE3073-5E82-4D74-918B-8A98E30B6CDA}.Debug|x86.ActiveCfg = Debug|Any CPU
		{99CE3073-5E82-4D74-918B-8A98E30B6CDA}.Debug|x86.Build.0 = Debug|Any CPU
		{99CE3073-5E82-4D74-918B-8A98E30B6CDA}.Release|Any CPU.ActiveCfg = Release|Any CPU
		{99CE3073-5E82-4D74-918B-8A98E30B6CDA}.Release|Any CPU.Build.0 = Release|Any CPU
		{99CE3073-5E82-4D74-918B-8A98E30B6CDA}.Release|x64.ActiveCfg = Release|Any CPU
		{99CE3073-5E82-4D74-918B-8A98E30B6CDA}.Release|x64.Build.0 = Release|Any CPU
		{99CE3073-5E82-4D74-918B-8A98E30B6CDA}.Release|x86.ActiveCfg = Release|Any CPU
		{99CE3073-5E82-4D74-918B-8A98E30B6CDA}.Release|x86.Build.0 = Release|Any CPU
		{4DF8E653-C71C-4743-82E2-D6F4E15098EB}.Debug|Any CPU.ActiveCfg = Debug|Any CPU
		{4DF8E653-C71C-4743-82E2-D6F4E15098EB}.Debug|Any CPU.Build.0 = Debug|Any CPU
		{4DF8E653-C71C-4743-82E2-D6F4E15098EB}.Debug|x64.ActiveCfg = Debug|Any CPU
		{4DF8E653-C71C-4743-82E2-D6F4E15098EB}.Debug|x64.Build.0 = Debug|Any CPU
		{4DF8E653-C71C-4743-82E2-D6F4E15098EB}.Debug|x86.ActiveCfg = Debug|Any CPU
		{4DF8E653-C71C-4743-82E2-D6F4E15098EB}.Debug|x86.Build.0 = Debug|Any CPU
		{4DF8E653-C71C-4743-82E2-D6F4E15098EB}.Release|Any CPU.ActiveCfg = Release|Any CPU
		{4DF8E653-C71C-4743-82E2-D6F4E15098EB}.Release|Any CPU.Build.0 = Release|Any CPU
		{4DF8E653-C71C-4743-82E2-D6F4E15098EB}.Release|x64.ActiveCfg = Release|Any CPU
		{4DF8E653-C71C-4743-82E2-D6F4E15098EB}.Release|x64.Build.0 = Release|Any CPU
		{4DF8E653-C71C-4743-82E2-D6F4E15098EB}.Release|x86.ActiveCfg = Release|Any CPU
		{4DF8E653-C71C-4743-82E2-D6F4E15098EB}.Release|x86.Build.0 = Release|Any CPU
		{C8AF8CAE-4FEF-4642-AEDA-BDE45F1E03A8}.Debug|Any CPU.ActiveCfg = Debug|Any CPU
		{C8AF8CAE-4FEF-4642-AEDA-BDE45F1E03A8}.Debug|Any CPU.Build.0 = Debug|Any CPU
		{C8AF8CAE-4FEF-4642-AEDA-BDE45F1E03A8}.Debug|x64.ActiveCfg = Debug|Any CPU
		{C8AF8CAE-4FEF-4642-AEDA-BDE45F1E03A8}.Debug|x64.Build.0 = Debug|Any CPU
		{C8AF8CAE-4FEF-4642-AEDA-BDE45F1E03A8}.Debug|x86.ActiveCfg = Debug|Any CPU
		{C8AF8CAE-4FEF-4642-AEDA-BDE45F1E03A8}.Debug|x86.Build.0 = Debug|Any CPU
		{C8AF8CAE-4FEF-4642-AEDA-BDE45F1E03A8}.Release|Any CPU.ActiveCfg = Release|Any CPU
		{C8AF8CAE-4FEF-4642-AEDA-BDE45F1E03A8}.Release|Any CPU.Build.0 = Release|Any CPU
		{C8AF8CAE-4FEF-4642-AEDA-BDE45F1E03A8}.Release|x64.ActiveCfg = Release|Any CPU
		{C8AF8CAE-4FEF-4642-AEDA-BDE45F1E03A8}.Release|x64.Build.0 = Release|Any CPU
		{C8AF8CAE-4FEF-4642-AEDA-BDE45F1E03A8}.Release|x86.ActiveCfg = Release|Any CPU
		{C8AF8CAE-4FEF-4642-AEDA-BDE45F1E03A8}.Release|x86.Build.0 = Release|Any CPU
		{9690C918-5F7E-EB8A-AAE7-102D8478F642}.Debug|Any CPU.ActiveCfg = Debug|Any CPU
		{9690C918-5F7E-EB8A-AAE7-102D8478F642}.Debug|Any CPU.Build.0 = Debug|Any CPU
		{9690C918-5F7E-EB8A-AAE7-102D8478F642}.Debug|x64.ActiveCfg = Debug|Any CPU
		{9690C918-5F7E-EB8A-AAE7-102D8478F642}.Debug|x64.Build.0 = Debug|Any CPU
		{9690C918-5F7E-EB8A-AAE7-102D8478F642}.Debug|x86.ActiveCfg = Debug|Any CPU
		{9690C918-5F7E-EB8A-AAE7-102D8478F642}.Debug|x86.Build.0 = Debug|Any CPU
		{9690C918-5F7E-EB8A-AAE7-102D8478F642}.Release|Any CPU.ActiveCfg = Release|Any CPU
		{9690C918-5F7E-EB8A-AAE7-102D8478F642}.Release|Any CPU.Build.0 = Release|Any CPU
		{9690C918-5F7E-EB8A-AAE7-102D8478F642}.Release|x64.ActiveCfg = Release|Any CPU
		{9690C918-5F7E-EB8A-AAE7-102D8478F642}.Release|x64.Build.0 = Release|Any CPU
		{9690C918-5F7E-EB8A-AAE7-102D8478F642}.Release|x86.ActiveCfg = Release|Any CPU
		{9690C918-5F7E-EB8A-AAE7-102D8478F642}.Release|x86.Build.0 = Release|Any CPU
		{EBA9A188-C3AF-4A36-94B1-731A35DB9F89}.Debug|Any CPU.ActiveCfg = Debug|Any CPU
		{EBA9A188-C3AF-4A36-94B1-731A35DB9F89}.Debug|Any CPU.Build.0 = Debug|Any CPU
		{EBA9A188-C3AF-4A36-94B1-731A35DB9F89}.Debug|x64.ActiveCfg = Debug|Any CPU
		{EBA9A188-C3AF-4A36-94B1-731A35DB9F89}.Debug|x64.Build.0 = Debug|Any CPU
		{EBA9A188-C3AF-4A36-94B1-731A35DB9F89}.Debug|x86.ActiveCfg = Debug|Any CPU
		{EBA9A188-C3AF-4A36-94B1-731A35DB9F89}.Debug|x86.Build.0 = Debug|Any CPU
		{EBA9A188-C3AF-4A36-94B1-731A35DB9F89}.Release|Any CPU.ActiveCfg = Release|Any CPU
		{EBA9A188-C3AF-4A36-94B1-731A35DB9F89}.Release|Any CPU.Build.0 = Release|Any CPU
		{EBA9A188-C3AF-4A36-94B1-731A35DB9F89}.Release|x64.ActiveCfg = Release|Any CPU
		{EBA9A188-C3AF-4A36-94B1-731A35DB9F89}.Release|x64.Build.0 = Release|Any CPU
		{EBA9A188-C3AF-4A36-94B1-731A35DB9F89}.Release|x86.ActiveCfg = Release|Any CPU
		{EBA9A188-C3AF-4A36-94B1-731A35DB9F89}.Release|x86.Build.0 = Release|Any CPU
	EndGlobalSection
	GlobalSection(SolutionProperties) = preSolution
		HideSolutionNode = FALSE
	EndGlobalSection
	GlobalSection(NestedProjects) = preSolution
		{4DF8E653-C71C-4743-82E2-D6F4E15098EB} = {AA60BDE6-4077-497F-9215-42FC521904C0}
		{9690C918-5F7E-EB8A-AAE7-102D8478F642} = {AA60BDE6-4077-497F-9215-42FC521904C0}
		{EBA9A188-C3AF-4A36-94B1-731A35DB9F89} = {AA60BDE6-4077-497F-9215-42FC521904C0}
	EndGlobalSection
	GlobalSection(ExtensibilityGlobals) = postSolution
		SolutionGuid = {95B100E0-CF21-4EEB-BF60-0B410D1846C9}
	EndGlobalSection
EndGlobal
